
Microsoft Visual Studio Solution File, Format Version 9.00
# Visual C++ Express 2005
Project("{8BC9CEB8-8B4A-11D0-8D11-00A0C91BC942}") = "directed_perception_ptu", "directed_perception_ptu.vcproj", "{69E1DA5C-EBC4-49BD-9C9D-218810431E35}"
EndProject
Global
	GlobalSection(SolutionConfigurationPlatforms) = preSolution
		Debug|Win32 = Debug|Win32
		Release|Win32 = Release|Win32
	EndGlobalSection
	GlobalSection(ProjectConfigurationPlatforms) = postSolution
		{69E1DA5C-EBC4-49BD-9C9D-218810431E35}.Debug|Win32.ActiveCfg = Debug|Win32
		{69E1DA5C-EBC4-49BD-9C9D-218810431E35}.Debug|Win32.Build.0 = Debug|Win32
		{69E1DA5C-EBC4-49BD-9C9D-218810431E35}.Release|Win32.ActiveCfg = Release|Win32
		{69E1DA5C-EBC4-49BD-9C9D-218810431E35}.Release|Win32.Build.0 = Release|Win32
	EndGlobalSection
	GlobalSection(SolutionProperties) = preSolution
		HideSolutionNode = FALSE
	EndGlobalSection
EndGlobal
