
Microsoft Visual Studio Solution File, Format Version 9.00
# Visual C++ Express 2005
Project("{8BC9CEB8-8B4A-11D0-8D11-00A0C91BC942}") = "simple_state_machine", "simple_state_machine.vcproj", "{97F4C7CC-4CB2-4AB2-BDBF-18E8ABC9646D}"
EndProject
Global
	GlobalSection(SolutionConfigurationPlatforms) = preSolution
		Debug|Win32 = Debug|Win32
		Release|Win32 = Release|Win32
	EndGlobalSection
	GlobalSection(ProjectConfigurationPlatforms) = postSolution
		{97F4C7CC-4CB2-4AB2-BDBF-18E8ABC9646D}.Debug|Win32.ActiveCfg = Debug|Win32
		{97F4C7CC-4CB2-4AB2-BDBF-18E8ABC9646D}.Debug|Win32.Build.0 = Debug|Win32
		{97F4C7CC-4CB2-4AB2-BDBF-18E8ABC9646D}.Release|Win32.ActiveCfg = Release|Win32
		{97F4C7CC-4CB2-4AB2-BDBF-18E8ABC9646D}.Release|Win32.Build.0 = Release|Win32
	EndGlobalSection
	GlobalSection(SolutionProperties) = preSolution
		HideSolutionNode = FALSE
	EndGlobalSection
EndGlobal
