
Microsoft Visual Studio Solution File, Format Version 9.00
# Visual C++ Express 2005
Project("{8BC9CEB8-8B4A-11D0-8D11-00A0C91BC942}") = "CoderLIB", "Coder.vcproj", "{47131BB1-2A5B-401F-B419-357063F06A4D}"
EndProject
Project("{8BC9CEB8-8B4A-11D0-8D11-00A0C91BC942}") = "coderTEST", "coderTEST.vcproj", "{A3220D1F-FFB6-4A8E-857F-1631D0BB8116}"
	ProjectSection(ProjectDependencies) = postProject
		{47131BB1-2A5B-401F-B419-357063F06A4D} = {47131BB1-2A5B-401F-B419-357063F06A4D}
	EndProjectSection
EndProject
Global
	GlobalSection(SolutionConfigurationPlatforms) = preSolution
		Debug|Win32 = Debug|Win32
		Release|Win32 = Release|Win32
	EndGlobalSection
	GlobalSection(ProjectConfigurationPlatforms) = postSolution
		{47131BB1-2A5B-401F-B419-357063F06A4D}.Debug|Win32.ActiveCfg = Debug|Win32
		{47131BB1-2A5B-401F-B419-357063F06A4D}.Debug|Win32.Build.0 = Debug|Win32
		{47131BB1-2A5B-401F-B419-357063F06A4D}.Release|Win32.ActiveCfg = Release|Win32
		{47131BB1-2A5B-401F-B419-357063F06A4D}.Release|Win32.Build.0 = Release|Win32
		{A3220D1F-FFB6-4A8E-857F-1631D0BB8116}.Debug|Win32.ActiveCfg = Debug|Win32
		{A3220D1F-FFB6-4A8E-857F-1631D0BB8116}.Debug|Win32.Build.0 = Debug|Win32
		{A3220D1F-FFB6-4A8E-857F-1631D0BB8116}.Release|Win32.ActiveCfg = Release|Win32
		{A3220D1F-FFB6-4A8E-857F-1631D0BB8116}.Release|Win32.Build.0 = Release|Win32
	EndGlobalSection
	GlobalSection(SolutionProperties) = preSolution
		HideSolutionNode = FALSE
	EndGlobalSection
EndGlobal
