
Microsoft Visual Studio Solution File, Format Version 9.00
# Visual C++ Express 2005
Project("{8BC9CEB8-8B4A-11D0-8D11-00A0C91BC942}") = "bumblebee_driver_test.exe", "bumblebee_driver_test.exe.vcproj", "{796E8CE0-CD1F-4F47-B52D-86424289F03E}"
	ProjectSection(ProjectDependencies) = postProject
		{5695C528-96A6-4DB5-ADBB-DDE703D632DB} = {5695C528-96A6-4DB5-ADBB-DDE703D632DB}
		{004D5855-E6BE-4453-9AFA-3E37A010F162} = {004D5855-E6BE-4453-9AFA-3E37A010F162}
	EndProjectSection
EndProject
Project("{8BC9CEB8-8B4A-11D0-8D11-00A0C91BC942}") = "bumblebee_driver_t.lib", "..\bumblebee_driver_t.lib\bumblebee_driver_t.lib.vcproj", "{5695C528-96A6-4DB5-ADBB-DDE703D632DB}"
EndProject
Project("{8BC9CEB8-8B4A-11D0-8D11-00A0C91BC942}") = "bumblebee_ipc_recv_t.lib", "..\bumblebee_ipc_recv_t.lib\bumblebee_ipc_recv_t.lib.vcproj", "{004D5855-E6BE-4453-9AFA-3E37A010F162}"
EndProject
Global
	GlobalSection(SolutionConfigurationPlatforms) = preSolution
		Debug|Win32 = Debug|Win32
		Release|Win32 = Release|Win32
	EndGlobalSection
	GlobalSection(ProjectConfigurationPlatforms) = postSolution
		{796E8CE0-CD1F-4F47-B52D-86424289F03E}.Debug|Win32.ActiveCfg = Debug|Win32
		{796E8CE0-CD1F-4F47-B52D-86424289F03E}.Debug|Win32.Build.0 = Debug|Win32
		{796E8CE0-CD1F-4F47-B52D-86424289F03E}.Release|Win32.ActiveCfg = Release|Win32
		{796E8CE0-CD1F-4F47-B52D-86424289F03E}.Release|Win32.Build.0 = Release|Win32
		{5695C528-96A6-4DB5-ADBB-DDE703D632DB}.Debug|Win32.ActiveCfg = Debug|Win32
		{5695C528-96A6-4DB5-ADBB-DDE703D632DB}.Debug|Win32.Build.0 = Debug|Win32
		{5695C528-96A6-4DB5-ADBB-DDE703D632DB}.Release|Win32.ActiveCfg = Release|Win32
		{5695C528-96A6-4DB5-ADBB-DDE703D632DB}.Release|Win32.Build.0 = Release|Win32
		{004D5855-E6BE-4453-9AFA-3E37A010F162}.Debug|Win32.ActiveCfg = Debug|Win32
		{004D5855-E6BE-4453-9AFA-3E37A010F162}.Debug|Win32.Build.0 = Debug|Win32
		{004D5855-E6BE-4453-9AFA-3E37A010F162}.Release|Win32.ActiveCfg = Release|Win32
		{004D5855-E6BE-4453-9AFA-3E37A010F162}.Release|Win32.Build.0 = Release|Win32
	EndGlobalSection
	GlobalSection(SolutionProperties) = preSolution
		HideSolutionNode = FALSE
	EndGlobalSection
EndGlobal
