
Microsoft Visual Studio Solution File, Format Version 9.00
# Visual C++ Express 2005
Project("{8BC9CEB8-8B4A-11D0-8D11-00A0C91BC942}") = "bumblebee_ipc_send.exe", "bumblebee_ipc_send.exe.vcproj", "{4472606C-0498-41D2-B3D0-6552F86743A5}"
	ProjectSection(ProjectDependencies) = postProject
		{5695C528-96A6-4DB5-ADBB-DDE703D632DB} = {5695C528-96A6-4DB5-ADBB-DDE703D632DB}
	EndProjectSection
EndProject
Project("{8BC9CEB8-8B4A-11D0-8D11-00A0C91BC942}") = "bumblebee_driver_t.lib", "..\bumblebee_driver_t.lib\bumblebee_driver_t.lib.vcproj", "{5695C528-96A6-4DB5-ADBB-DDE703D632DB}"
EndProject
Project("{8BC9CEB8-8B4A-11D0-8D11-00A0C91BC942}") = "mexIpcBee", "..\mexIpcBee\ipcBee.vcproj", "{9F2B8AF6-9240-43C8-9C55-8AEDDA113BDD}"
EndProject
Global
	GlobalSection(SolutionConfigurationPlatforms) = preSolution
		Debug|Win32 = Debug|Win32
		Release|Win32 = Release|Win32
	EndGlobalSection
	GlobalSection(ProjectConfigurationPlatforms) = postSolution
		{4472606C-0498-41D2-B3D0-6552F86743A5}.Debug|Win32.ActiveCfg = Debug|Win32
		{4472606C-0498-41D2-B3D0-6552F86743A5}.Debug|Win32.Build.0 = Debug|Win32
		{4472606C-0498-41D2-B3D0-6552F86743A5}.Release|Win32.ActiveCfg = Release|Win32
		{4472606C-0498-41D2-B3D0-6552F86743A5}.Release|Win32.Build.0 = Release|Win32
		{5695C528-96A6-4DB5-ADBB-DDE703D632DB}.Debug|Win32.ActiveCfg = Debug|Win32
		{5695C528-96A6-4DB5-ADBB-DDE703D632DB}.Debug|Win32.Build.0 = Debug|Win32
		{5695C528-96A6-4DB5-ADBB-DDE703D632DB}.Release|Win32.ActiveCfg = Release|Win32
		{5695C528-96A6-4DB5-ADBB-DDE703D632DB}.Release|Win32.Build.0 = Release|Win32
		{9F2B8AF6-9240-43C8-9C55-8AEDDA113BDD}.Debug|Win32.ActiveCfg = Debug|Win32
		{9F2B8AF6-9240-43C8-9C55-8AEDDA113BDD}.Debug|Win32.Build.0 = Debug|Win32
		{9F2B8AF6-9240-43C8-9C55-8AEDDA113BDD}.Release|Win32.ActiveCfg = Release|Win32
		{9F2B8AF6-9240-43C8-9C55-8AEDDA113BDD}.Release|Win32.Build.0 = Release|Win32
	EndGlobalSection
	GlobalSection(SolutionProperties) = preSolution
		HideSolutionNode = FALSE
	EndGlobalSection
EndGlobal
