
Microsoft Visual Studio Solution File, Format Version 9.00
# Visual C++ Express 2005
Project("{8BC9CEB8-8B4A-11D0-8D11-00A0C91BC942}") = "jpeg_codec.lib", "jpeg_codec.lib.vcproj", "{775E1E4B-D1F4-4520-9313-E0370240D1F5}"
EndProject
Project("{8BC9CEB8-8B4A-11D0-8D11-00A0C91BC942}") = "jpeg_encode_test.exe", "..\jpeg_encode_test.exe\jpeg_encode_test.exe.vcproj", "{161C7C90-C964-4511-843E-7C5C4F77862F}"
	ProjectSection(ProjectDependencies) = postProject
		{775E1E4B-D1F4-4520-9313-E0370240D1F5} = {775E1E4B-D1F4-4520-9313-E0370240D1F5}
	EndProjectSection
EndProject
Project("{8BC9CEB8-8B4A-11D0-8D11-00A0C91BC942}") = "boost_crc_test.exe", "..\boost_crc_test.exe\boost_crc_test.exe.vcproj", "{97F4C7CC-4CB2-4AB2-BDBF-18E8ABC9646D}"
EndProject
Global
	GlobalSection(SolutionConfigurationPlatforms) = preSolution
		Debug|Win32 = Debug|Win32
		Release|Win32 = Release|Win32
	EndGlobalSection
	GlobalSection(ProjectConfigurationPlatforms) = postSolution
		{775E1E4B-D1F4-4520-9313-E0370240D1F5}.Debug|Win32.ActiveCfg = Debug|Win32
		{775E1E4B-D1F4-4520-9313-E0370240D1F5}.Debug|Win32.Build.0 = Debug|Win32
		{775E1E4B-D1F4-4520-9313-E0370240D1F5}.Release|Win32.ActiveCfg = Release|Win32
		{775E1E4B-D1F4-4520-9313-E0370240D1F5}.Release|Win32.Build.0 = Release|Win32
		{161C7C90-C964-4511-843E-7C5C4F77862F}.Debug|Win32.ActiveCfg = Debug|Win32
		{161C7C90-C964-4511-843E-7C5C4F77862F}.Debug|Win32.Build.0 = Debug|Win32
		{161C7C90-C964-4511-843E-7C5C4F77862F}.Release|Win32.ActiveCfg = Release|Win32
		{161C7C90-C964-4511-843E-7C5C4F77862F}.Release|Win32.Build.0 = Release|Win32
		{97F4C7CC-4CB2-4AB2-BDBF-18E8ABC9646D}.Debug|Win32.ActiveCfg = Debug|Win32
		{97F4C7CC-4CB2-4AB2-BDBF-18E8ABC9646D}.Debug|Win32.Build.0 = Debug|Win32
		{97F4C7CC-4CB2-4AB2-BDBF-18E8ABC9646D}.Release|Win32.ActiveCfg = Release|Win32
		{97F4C7CC-4CB2-4AB2-BDBF-18E8ABC9646D}.Release|Win32.Build.0 = Release|Win32
	EndGlobalSection
	GlobalSection(SolutionProperties) = preSolution
		HideSolutionNode = FALSE
	EndGlobalSection
EndGlobal
