
Microsoft Visual Studio Solution File, Format Version 9.00
# Visual C++ Express 2005
Project("{8BC9CEB8-8B4A-11D0-8D11-00A0C91BC942}") = "directed_perception_client", "directed_perception_client.vcproj", "{63ADBA61-DAD3-445C-B06E-5618A24D63CD}"
EndProject
Global
	GlobalSection(SolutionConfigurationPlatforms) = preSolution
		Debug|Win32 = Debug|Win32
		Release|Win32 = Release|Win32
	EndGlobalSection
	GlobalSection(ProjectConfigurationPlatforms) = postSolution
		{63ADBA61-DAD3-445C-B06E-5618A24D63CD}.Debug|Win32.ActiveCfg = Debug|Win32
		{63ADBA61-DAD3-445C-B06E-5618A24D63CD}.Debug|Win32.Build.0 = Debug|Win32
		{63ADBA61-DAD3-445C-B06E-5618A24D63CD}.Release|Win32.ActiveCfg = Release|Win32
		{63ADBA61-DAD3-445C-B06E-5618A24D63CD}.Release|Win32.Build.0 = Release|Win32
	EndGlobalSection
	GlobalSection(SolutionProperties) = preSolution
		HideSolutionNode = FALSE
	EndGlobalSection
EndGlobal
